
Microsoft Visual Studio Solution File, Format Version 12.00
# Visual Studio Version 17
VisualStudioVersion = 17.3.32811.315
MinimumVisualStudioVersion = 10.0.40219.1
Project("{FAE04EC0-301F-11D3-BF4B-00C04F79EFBC}") = "KhachHang", "KhachHang\KhachHang.csproj", "{8314EB79-2DAD-4F10-B482-B22E0F9575B1}"
EndProject
Global
	GlobalSection(SolutionConfigurationPlatforms) = preSolution
		Debug|Any CPU = Debug|Any CPU
		Release|Any CPU = Release|Any CPU
	EndGlobalSection
	GlobalSection(ProjectConfigurationPlatforms) = postSolution
		{8314EB79-2DAD-4F10-B482-B22E0F9575B1}.Debug|Any CPU.ActiveCfg = Debug|Any CPU
		{8314EB79-2DAD-4F10-B482-B22E0F9575B1}.Debug|Any CPU.Build.0 = Debug|Any CPU
		{8314EB79-2DAD-4F10-B482-B22E0F9575B1}.Release|Any CPU.ActiveCfg = Release|Any CPU
		{8314EB79-2DAD-4F10-B482-B22E0F9575B1}.Release|Any CPU.Build.0 = Release|Any CPU
	EndGlobalSection
	GlobalSection(SolutionProperties) = preSolution
		HideSolutionNode = FALSE
	EndGlobalSection
	GlobalSection(ExtensibilityGlobals) = postSolution
		SolutionGuid = {CB4C86F0-6C0E-4E3B-ACF9-AA3CF1D4B682}
	EndGlobalSection
EndGlobal
